Microsoft Visual Studio Solution File, Format Version 12.00
# Visual Studio Version 17
VisualStudioVersion = 17.13.35818.85
MinimumVisualStudioVersion = 10.0.40219.1
Project("{2150E333-8FDC-42A3-9474-1A3956D46DE8}") = "Services", "Services", "{02EA681E-C7D8-13C7-8484-4AC65E1B71E8}"
EndProject
Project("{2150E333-8FDC-42A3-9474-1A3956D46DE8}") = "Catalog", "Catalog", "{47CEFABF-E948-4A73-9E95-C20DBEE06A5E}"
EndProject
Project("{FAE04EC0-301F-11D3-BF4B-00C04F79EFBC}") = "Catalog.API", "Services\Catalog\Catalog.API\Catalog.API.csproj", "{AD4C7EC3-6654-46A3-B980-17D6A53CBAE5}"
EndProject
Project("{FAE04EC0-301F-11D3-BF4B-00C04F79EFBC}") = "Catalog.Application", "Services\Catalog\Catalog.Application\Catalog.Application.csproj", "{C753BDE9-C149-4FA7-9BB4-BDFBAF210DD3}"
EndProject
Project("{FAE04EC0-301F-11D3-BF4B-00C04F79EFBC}") = "Catalog.Core", "Services\Catalog\Catalog.Core\Catalog.Core.csproj", "{91C84FDF-8041-4D1B-8256-CDE5F5FCD169}"
EndProject
Project("{FAE04EC0-301F-11D3-BF4B-00C04F79EFBC}") = "Catalog.Infrastructure", "Services\Catalog\Catalog.Infrastructure\Catalog.Infrastructure.csproj", "{DBB3F5A0-AEEA-4CE8-8F29-6770F1CC5129}"
EndProject
Project("{E53339B2-1760-4266-BCC7-CA923CBCF16C}") = "docker-compose", "docker-compose.dcproj", "{81DDED9D-158B-E303-5F62-77A2896D2A5A}"
EndProject
Project("{2150E333-8FDC-42A3-9474-1A3956D46DE8}") = "Basket", "Basket", "{B17D1A6B-65F6-4FBC-89D9-9F24BA6F3D2E}"
EndProject
Project("{FAE04EC0-301F-11D3-BF4B-00C04F79EFBC}") = "Basket.API", "Services\Basket\Basket.API\Basket.API.csproj", "{C9DEFABD-995B-4CF7-84C1-1443B93D3F60}"
EndProject
Project("{FAE04EC0-301F-11D3-BF4B-00C04F79EFBC}") = "Basket.Core", "Services\Basket\Basket.Core\Basket.Core.csproj", "{B7574325-4C96-4ADC-9BC6-90D30F74B8A0}"
EndProject
Project("{FAE04EC0-301F-11D3-BF4B-00C04F79EFBC}") = "Basket.Application", "Services\Basket\Basket.Application\Basket.Application.csproj", "{437386E2-E50D-4EA5-B2DB-7E20A10F06E3}"
EndProject
Project("{FAE04EC0-301F-11D3-BF4B-00C04F79EFBC}") = "Basket.Infrastructure", "Services\Basket\Basket.Infrastructure\Basket.Infrastructure.csproj", "{338D602B-EF23-4BFA-9FAB-F2399E72D70A}"
EndProject
Project("{2150E333-8FDC-42A3-9474-1A3956D46DE8}") = "Discount", "Discount", "{7C4305FE-7D85-464C-B383-8BF52984418F}"
EndProject
Project("{FAE04EC0-301F-11D3-BF4B-00C04F79EFBC}") = "Discount.API", "Services\Discount\Discount.API\Discount.API.csproj", "{DFCB4425-0539-43EC-9107-51C3E05BBEFF}"
EndProject
Project("{FAE04EC0-301F-11D3-BF4B-00C04F79EFBC}") = "Discount.Application", "Services\Discount\Discount.Application\Discount.Application.csproj", "{986D7BD3-049D-4617-B2E4-46FDAE361DAC}"
EndProject
Project("{FAE04EC0-301F-11D3-BF4B-00C04F79EFBC}") = "Discount.Core", "Services\Discount\Discount.Core\Discount.Core.csproj", "{105A5E88-8A38-4322-8AC9-F4EFEA098B1F}"
EndProject
Project("{FAE04EC0-301F-11D3-BF4B-00C04F79EFBC}") = "Discount.Infrastructure", "Services\Discount\Discount.Infrastructure\Discount.Infrastructure.csproj", "{B054EE76-FC7C-4AB5-BEEF-2A5A697D024B}"
EndProject
Project("{2150E333-8FDC-42A3-9474-1A3956D46DE8}") = "Ordering", "Ordering", "{3DD415B2-8248-458E-B8EE-FC821B6999C4}"
EndProject
Project("{FAE04EC0-301F-11D3-BF4B-00C04F79EFBC}") = "Ordering.API", "Services\Ordering\Ordering.API\Ordering.API.csproj", "{D0BC9CF4-8A63-4F9E-97E9-E314B6FFF9CC}"
EndProject
Project("{FAE04EC0-301F-11D3-BF4B-00C04F79EFBC}") = "Ordering.Core", "Services\Ordering\Ordering.Core\Ordering.Core.csproj", "{69E7573B-E7F5-43B9-94AC-1858CB8FBB9F}"
EndProject
Project("{FAE04EC0-301F-11D3-BF4B-00C04F79EFBC}") = "Ordering.Application", "Services\Ordering\Ordering.Application\Ordering.Application.csproj", "{D7A8722D-3DEC-45D3-9435-A99D587C6922}"
EndProject
Project("{FAE04EC0-301F-11D3-BF4B-00C04F79EFBC}") = "Ordering.Infrastructure", "Services\Ordering\Ordering.Infrastructure\Ordering.Infrastructure.csproj", "{A9E017AA-7BF4-4F40-9E94-000DFE0A4ADD}"
EndProject
Project("{FAE04EC0-301F-11D3-BF4B-00C04F79EFBC}") = "EventBus.Messages", "Infrastructure\EventBus.Messages\EventBus.Messages.csproj", "{F1A6BEE1-BC6F-4756-A47D-D2F9854DC59A}"
EndProject
Project("{2150E333-8FDC-42A3-9474-1A3956D46DE8}") = "Infrastructure", "Infrastructure", "{7CDD1DC6-6FB0-4CA9-885D-B9DBC3E40A0F}"
EndProject
Project("{FAE04EC0-301F-11D3-BF4B-00C04F79EFBC}") = "Common.Logging", "Infrastructure\Common.Logging\Common.Logging.csproj", "{992D71CA-56AC-4CE2-822F-BADDA9AB7BC7}"
EndProject
Project("{2150E333-8FDC-42A3-9474-1A3956D46DE8}") = "ApiGateways", "ApiGateways", "{1E5B44DE-DD45-400C-9E8E-1DC7AF0723D7}"
EndProject
Project("{FAE04EC0-301F-11D3-BF4B-00C04F79EFBC}") = "Ocelot.ApiGateways", "ApiGateways\Ocelot.ApiGateways\Ocelot.ApiGateways.csproj", "{39DDE7FA-A99B-41FC-BF92-D7F436E6F33C}"
EndProject
Global
	GlobalSection(SolutionConfigurationPlatforms) = preSolution
		Debug|Any CPU = Debug|Any CPU
		Release|Any CPU = Release|Any CPU
	EndGlobalSection
	GlobalSection(ProjectConfigurationPlatforms) = postSolution
		{AD4C7EC3-6654-46A3-B980-17D6A53CBAE5}.Debug|Any CPU.ActiveCfg = Debug|Any CPU
		{AD4C7EC3-6654-46A3-B980-17D6A53CBAE5}.Debug|Any CPU.Build.0 = Debug|Any CPU
		{AD4C7EC3-6654-46A3-B980-17D6A53CBAE5}.Release|Any CPU.ActiveCfg = Release|Any CPU
		{AD4C7EC3-6654-46A3-B980-17D6A53CBAE5}.Release|Any CPU.Build.0 = Release|Any CPU
		{C753BDE9-C149-4FA7-9BB4-BDFBAF210DD3}.Debug|Any CPU.ActiveCfg = Debug|Any CPU
		{C753BDE9-C149-4FA7-9BB4-BDFBAF210DD3}.Debug|Any CPU.Build.0 = Debug|Any CPU
		{C753BDE9-C149-4FA7-9BB4-BDFBAF210DD3}.Release|Any CPU.ActiveCfg = Release|Any CPU
		{C753BDE9-C149-4FA7-9BB4-BDFBAF210DD3}.Release|Any CPU.Build.0 = Release|Any CPU
		{91C84FDF-8041-4D1B-8256-CDE5F5FCD169}.Debug|Any CPU.ActiveCfg = Debug|Any CPU
		{91C84FDF-8041-4D1B-8256-CDE5F5FCD169}.Debug|Any CPU.Build.0 = Debug|Any CPU
		{91C84FDF-8041-4D1B-8256-CDE5F5FCD169}.Release|Any CPU.ActiveCfg = Release|Any CPU
		{91C84FDF-8041-4D1B-8256-CDE5F5FCD169}.Release|Any CPU.Build.0 = Release|Any CPU
		{DBB3F5A0-AEEA-4CE8-8F29-6770F1CC5129}.Debug|Any CPU.ActiveCfg = Debug|Any CPU
		{DBB3F5A0-AEEA-4CE8-8F29-6770F1CC5129}.Debug|Any CPU.Build.0 = Debug|Any CPU
		{DBB3F5A0-AEEA-4CE8-8F29-6770F1CC5129}.Release|Any CPU.ActiveCfg = Release|Any CPU
		{DBB3F5A0-AEEA-4CE8-8F29-6770F1CC5129}.Release|Any CPU.Build.0 = Release|Any CPU
		{81DDED9D-158B-E303-5F62-77A2896D2A5A}.Debug|Any CPU.ActiveCfg = Debug|Any CPU
		{81DDED9D-158B-E303-5F62-77A2896D2A5A}.Debug|Any CPU.Build.0 = Debug|Any CPU
		{81DDED9D-158B-E303-5F62-77A2896D2A5A}.Release|Any CPU.ActiveCfg = Release|Any CPU
		{81DDED9D-158B-E303-5F62-77A2896D2A5A}.Release|Any CPU.Build.0 = Release|Any CPU
		{C9DEFABD-995B-4CF7-84C1-1443B93D3F60}.Debug|Any CPU.ActiveCfg = Debug|Any CPU
		{C9DEFABD-995B-4CF7-84C1-1443B93D3F60}.Debug|Any CPU.Build.0 = Debug|Any CPU
		{C9DEFABD-995B-4CF7-84C1-1443B93D3F60}.Release|Any CPU.ActiveCfg = Release|Any CPU
		{C9DEFABD-995B-4CF7-84C1-1443B93D3F60}.Release|Any CPU.Build.0 = Release|Any CPU
		{B7574325-4C96-4ADC-9BC6-90D30F74B8A0}.Debug|Any CPU.ActiveCfg = Debug|Any CPU
		{B7574325-4C96-4ADC-9BC6-90D30F74B8A0}.Debug|Any CPU.Build.0 = Debug|Any CPU
		{B7574325-4C96-4ADC-9BC6-90D30F74B8A0}.Release|Any CPU.ActiveCfg = Release|Any CPU
		{B7574325-4C96-4ADC-9BC6-90D30F74B8A0}.Release|Any CPU.Build.0 = Release|Any CPU
		{437386E2-E50D-4EA5-B2DB-7E20A10F06E3}.Debug|Any CPU.ActiveCfg = Debug|Any CPU
		{437386E2-E50D-4EA5-B2DB-7E20A10F06E3}.Debug|Any CPU.Build.0 = Debug|Any CPU
		{437386E2-E50D-4EA5-B2DB-7E20A10F06E3}.Release|Any CPU.ActiveCfg = Release|Any CPU
		{437386E2-E50D-4EA5-B2DB-7E20A10F06E3}.Release|Any CPU.Build.0 = Release|Any CPU
		{338D602B-EF23-4BFA-9FAB-F2399E72D70A}.Debug|Any CPU.ActiveCfg = Debug|Any CPU
		{338D602B-EF23-4BFA-9FAB-F2399E72D70A}.Debug|Any CPU.Build.0 = Debug|Any CPU
		{338D602B-EF23-4BFA-9FAB-F2399E72D70A}.Release|Any CPU.ActiveCfg = Release|Any CPU
		{338D602B-EF23-4BFA-9FAB-F2399E72D70A}.Release|Any CPU.Build.0 = Release|Any CPU
		{DFCB4425-0539-43EC-9107-51C3E05BBEFF}.Debug|Any CPU.ActiveCfg = Debug|Any CPU
		{DFCB4425-0539-43EC-9107-51C3E05BBEFF}.Debug|Any CPU.Build.0 = Debug|Any CPU
		{DFCB4425-0539-43EC-9107-51C3E05BBEFF}.Release|Any CPU.ActiveCfg = Release|Any CPU
		{DFCB4425-0539-43EC-9107-51C3E05BBEFF}.Release|Any CPU.Build.0 = Release|Any CPU
		{986D7BD3-049D-4617-B2E4-46FDAE361DAC}.Debug|Any CPU.ActiveCfg = Debug|Any CPU
		{986D7BD3-049D-4617-B2E4-46FDAE361DAC}.Debug|Any CPU.Build.0 = Debug|Any CPU
		{986D7BD3-049D-4617-B2E4-46FDAE361DAC}.Release|Any CPU.ActiveCfg = Release|Any CPU
		{986D7BD3-049D-4617-B2E4-46FDAE361DAC}.Release|Any CPU.Build.0 = Release|Any CPU
		{105A5E88-8A38-4322-8AC9-F4EFEA098B1F}.Debug|Any CPU.ActiveCfg = Debug|Any CPU
		{105A5E88-8A38-4322-8AC9-F4EFEA098B1F}.Debug|Any CPU.Build.0 = Debug|Any CPU
		{105A5E88-8A38-4322-8AC9-F4EFEA098B1F}.Release|Any CPU.ActiveCfg = Release|Any CPU
		{105A5E88-8A38-4322-8AC9-F4EFEA098B1F}.Release|Any CPU.Build.0 = Release|Any CPU
		{B054EE76-FC7C-4AB5-BEEF-2A5A697D024B}.Debug|Any CPU.ActiveCfg = Debug|Any CPU
		{B054EE76-FC7C-4AB5-BEEF-2A5A697D024B}.Debug|Any CPU.Build.0 = Debug|Any CPU
		{B054EE76-FC7C-4AB5-BEEF-2A5A697D024B}.Release|Any CPU.ActiveCfg = Release|Any CPU
		{B054EE76-FC7C-4AB5-BEEF-2A5A697D024B}.Release|Any CPU.Build.0 = Release|Any CPU
		{D0BC9CF4-8A63-4F9E-97E9-E314B6FFF9CC}.Debug|Any CPU.ActiveCfg = Debug|Any CPU
		{D0BC9CF4-8A63-4F9E-97E9-E314B6FFF9CC}.Debug|Any CPU.Build.0 = Debug|Any CPU
		{D0BC9CF4-8A63-4F9E-97E9-E314B6FFF9CC}.Release|Any CPU.ActiveCfg = Release|Any CPU
		{D0BC9CF4-8A63-4F9E-97E9-E314B6FFF9CC}.Release|Any CPU.Build.0 = Release|Any CPU
		{69E7573B-E7F5-43B9-94AC-1858CB8FBB9F}.Debug|Any CPU.ActiveCfg = Debug|Any CPU
		{69E7573B-E7F5-43B9-94AC-1858CB8FBB9F}.Debug|Any CPU.Build.0 = Debug|Any CPU
		{69E7573B-E7F5-43B9-94AC-1858CB8FBB9F}.Release|Any CPU.ActiveCfg = Release|Any CPU
		{69E7573B-E7F5-43B9-94AC-1858CB8FBB9F}.Release|Any CPU.Build.0 = Release|Any CPU
		{D7A8722D-3DEC-45D3-9435-A99D587C6922}.Debug|Any CPU.ActiveCfg = Debug|Any CPU
		{D7A8722D-3DEC-45D3-9435-A99D587C6922}.Debug|Any CPU.Build.0 = Debug|Any CPU
		{D7A8722D-3DEC-45D3-9435-A99D587C6922}.Release|Any CPU.ActiveCfg = Release|Any CPU
		{D7A8722D-3DEC-45D3-9435-A99D587C6922}.Release|Any CPU.Build.0 = Release|Any CPU
		{A9E017AA-7BF4-4F40-9E94-000DFE0A4ADD}.Debug|Any CPU.ActiveCfg = Debug|Any CPU
		{A9E017AA-7BF4-4F40-9E94-000DFE0A4ADD}.Debug|Any CPU.Build.0 = Debug|Any CPU
		{A9E017AA-7BF4-4F40-9E94-000DFE0A4ADD}.Release|Any CPU.ActiveCfg = Release|Any CPU
		{A9E017AA-7BF4-4F40-9E94-000DFE0A4ADD}.Release|Any CPU.Build.0 = Release|Any CPU
		{F1A6BEE1-BC6F-4756-A47D-D2F9854DC59A}.Debug|Any CPU.ActiveCfg = Debug|Any CPU
		{F1A6BEE1-BC6F-4756-A47D-D2F9854DC59A}.Debug|Any CPU.Build.0 = Debug|Any CPU
		{F1A6BEE1-BC6F-4756-A47D-D2F9854DC59A}.Release|Any CPU.ActiveCfg = Release|Any CPU
		{F1A6BEE1-BC6F-4756-A47D-D2F9854DC59A}.Release|Any CPU.Build.0 = Release|Any CPU
		{992D71CA-56AC-4CE2-822F-BADDA9AB7BC7}.Debug|Any CPU.ActiveCfg = Debug|Any CPU
		{992D71CA-56AC-4CE2-822F-BADDA9AB7BC7}.Debug|Any CPU.Build.0 = Debug|Any CPU
		{992D71CA-56AC-4CE2-822F-BADDA9AB7BC7}.Release|Any CPU.ActiveCfg = Release|Any CPU
		{992D71CA-56AC-4CE2-822F-BADDA9AB7BC7}.Release|Any CPU.Build.0 = Release|Any CPU
		{39DDE7FA-A99B-41FC-BF92-D7F436E6F33C}.Debug|Any CPU.ActiveCfg = Debug|Any CPU
		{39DDE7FA-A99B-41FC-BF92-D7F436E6F33C}.Debug|Any CPU.Build.0 = Debug|Any CPU
		{39DDE7FA-A99B-41FC-BF92-D7F436E6F33C}.Release|Any CPU.ActiveCfg = Release|Any CPU
		{39DDE7FA-A99B-41FC-BF92-D7F436E6F33C}.Release|Any CPU.Build.0 = Release|Any CPU
	EndGlobalSection
	GlobalSection(SolutionProperties) = preSolution
		HideSolutionNode = FALSE
	EndGlobalSection
	GlobalSection(NestedProjects) = preSolution
		{47CEFABF-E948-4A73-9E95-C20DBEE06A5E} = {02EA681E-C7D8-13C7-8484-4AC65E1B71E8}
		{AD4C7EC3-6654-46A3-B980-17D6A53CBAE5} = {47CEFABF-E948-4A73-9E95-C20DBEE06A5E}
		{C753BDE9-C149-4FA7-9BB4-BDFBAF210DD3} = {47CEFABF-E948-4A73-9E95-C20DBEE06A5E}
		{91C84FDF-8041-4D1B-8256-CDE5F5FCD169} = {47CEFABF-E948-4A73-9E95-C20DBEE06A5E}
		{DBB3F5A0-AEEA-4CE8-8F29-6770F1CC5129} = {47CEFABF-E948-4A73-9E95-C20DBEE06A5E}
		{B17D1A6B-65F6-4FBC-89D9-9F24BA6F3D2E} = {02EA681E-C7D8-13C7-8484-4AC65E1B71E8}
		{C9DEFABD-995B-4CF7-84C1-1443B93D3F60} = {B17D1A6B-65F6-4FBC-89D9-9F24BA6F3D2E}
		{B7574325-4C96-4ADC-9BC6-90D30F74B8A0} = {B17D1A6B-65F6-4FBC-89D9-9F24BA6F3D2E}
		{437386E2-E50D-4EA5-B2DB-7E20A10F06E3} = {B17D1A6B-65F6-4FBC-89D9-9F24BA6F3D2E}
		{338D602B-EF23-4BFA-9FAB-F2399E72D70A} = {B17D1A6B-65F6-4FBC-89D9-9F24BA6F3D2E}
		{7C4305FE-7D85-464C-B383-8BF52984418F} = {02EA681E-C7D8-13C7-8484-4AC65E1B71E8}
		{DFCB4425-0539-43EC-9107-51C3E05BBEFF} = {7C4305FE-7D85-464C-B383-8BF52984418F}
		{986D7BD3-049D-4617-B2E4-46FDAE361DAC} = {7C4305FE-7D85-464C-B383-8BF52984418F}
		{105A5E88-8A38-4322-8AC9-F4EFEA098B1F} = {7C4305FE-7D85-464C-B383-8BF52984418F}
		{B054EE76-FC7C-4AB5-BEEF-2A5A697D024B} = {7C4305FE-7D85-464C-B383-8BF52984418F}
		{3DD415B2-8248-458E-B8EE-FC821B6999C4} = {02EA681E-C7D8-13C7-8484-4AC65E1B71E8}
		{D0BC9CF4-8A63-4F9E-97E9-E314B6FFF9CC} = {3DD415B2-8248-458E-B8EE-FC821B6999C4}
		{69E7573B-E7F5-43B9-94AC-1858CB8FBB9F} = {3DD415B2-8248-458E-B8EE-FC821B6999C4}
		{D7A8722D-3DEC-45D3-9435-A99D587C6922} = {3DD415B2-8248-458E-B8EE-FC821B6999C4}
		{A9E017AA-7BF4-4F40-9E94-000DFE0A4ADD} = {3DD415B2-8248-458E-B8EE-FC821B6999C4}
		{F1A6BEE1-BC6F-4756-A47D-D2F9854DC59A} = {7CDD1DC6-6FB0-4CA9-885D-B9DBC3E40A0F}
		{992D71CA-56AC-4CE2-822F-BADDA9AB7BC7} = {7CDD1DC6-6FB0-4CA9-885D-B9DBC3E40A0F}
		{39DDE7FA-A99B-41FC-BF92-D7F436E6F33C} = {1E5B44DE-DD45-400C-9E8E-1DC7AF0723D7}
	EndGlobalSection
	GlobalSection(ExtensibilityGlobals) = postSolution
		SolutionGuid = {9372E7CD-443C-4887-87E8-DDE5A662B07D}
	EndGlobalSection
EndGlobal
